
Microsoft Visual Studio Solution File, Format Version 12.00
# Visual Studio Version 16
VisualStudioVersion = 16.0.29911.84
MinimumVisualStudioVersion = 10.0.40219.1
Project("{FAE04EC0-301F-11D3-BF4B-00C04F79EFBC}") = "FlightSimulatorApp", "FlightSimulatorApp\FlightSimulatorApp.csproj", "{DDBB25E8-D76C-4F66-89B0-8E40CA2456F8}"
EndProject
Global
	GlobalSection(SolutionConfigurationPlatforms) = preSolution
		Debug|Any CPU = Debug|Any CPU
		Release|Any CPU = Release|Any CPU
	EndGlobalSection
	GlobalSection(ProjectConfigurationPlatforms) = postSolution
		{DDBB25E8-D76C-4F66-89B0-8E40CA2456F8}.Debug|Any CPU.ActiveCfg = Debug|Any CPU
		{DDBB25E8-D76C-4F66-89B0-8E40CA2456F8}.Debug|Any CPU.Build.0 = Debug|Any CPU
		{DDBB25E8-D76C-4F66-89B0-8E40CA2456F8}.Release|Any CPU.ActiveCfg = Release|Any CPU
		{DDBB25E8-D76C-4F66-89B0-8E40CA2456F8}.Release|Any CPU.Build.0 = Release|Any CPU
	EndGlobalSection
	GlobalSection(SolutionProperties) = preSolution
		HideSolutionNode = FALSE
	EndGlobalSection
	GlobalSection(ExtensibilityGlobals) = postSolution
		SolutionGuid = {89FDF5BA-1DAF-4237-86AA-F672706F8719}
	EndGlobalSection
EndGlobal
